{
  "name": "HugeDataHandler",
  "version": "1.0.0",
  "lockfileVersion": 1,
  "requires": true,
  "dependencies": {
    "@types/bluebird": {
      "version": "3.5.32",
      "resolved": "https://registry.npm.taobao.org/@types/bluebird/download/@types/bluebird-3.5.32.tgz",
      "integrity": "sha1-OB57WeOfAQ0gu/fgROSPXK8atiA="
    },
    "@types/node": {
      "version": "14.14.3",
      "resolved": "https://registry.npm.taobao.org/@types/node/download/@types/node-14.14.3.tgz",
      "integrity": "sha1-4cCQZBIfiUuqrSvZ8SzkpBv/snQ="
    },
    "@types/redis": {
      "version": "2.8.28",
      "resolved": "https://registry.npm.taobao.org/@types/redis/download/@types/redis-2.8.28.tgz",
      "integrity": "sha1-WGKytkqn98vHba/X5vBpkrUsVeM=",
      "requires": {
        "@types/node": "*"
      }
    },
    "@types/redlock": {
      "version": "4.0.1",
      "resolved": "https://registry.npm.taobao.org/@types/redlock/download/@types/redlock-4.0.1.tgz",
      "integrity": "sha1-z6Yglo8uvnlfOr7vjpEo8HHu74U=",
      "requires": {
        "@types/bluebird": "*"
      }
    },
    "arg": {
      "version": "4.1.3",
      "resolved": "https://registry.npm.taobao.org/arg/download/arg-4.1.3.tgz",
      "integrity": "sha1-Jp/HrVuOQstjyJbVZmAXJhwUQIk="
    },
    "bluebird": {
      "version": "3.7.2",
      "resolved": "https://registry.npm.taobao.org/bluebird/download/bluebird-3.7.2.tgz",
      "integrity": "sha1-nyKcFb4nJFT/qXOs4NvueaGww28="
    },
    "buffer-from": {
      "version": "1.1.1",
      "resolved": "https://registry.npm.taobao.org/buffer-from/download/buffer-from-1.1.1.tgz",
      "integrity": "sha1-MnE7wCj3XAL9txDXx7zsHyxgcO8="
    },
    "denque": {
      "version": "1.4.1",
      "resolved": "https://registry.npm.taobao.org/denque/download/denque-1.4.1.tgz",
      "integrity": "sha1-Z0T/dkHBSMP4ppwwflEjXB9KN88="
    },
    "diff": {
      "version": "4.0.2",
      "resolved": "https://registry.npm.taobao.org/diff/download/diff-4.0.2.tgz",
      "integrity": "sha1-YPOuy4nV+uUgwRqhnvwruYKq3n0="
    },
    "make-error": {
      "version": "1.3.6",
      "resolved": "https://registry.npm.taobao.org/make-error/download/make-error-1.3.6.tgz",
      "integrity": "sha1-LrLjfqm2fEiR9oShOUeZr0hM96I="
    },
    "moment": {
      "version": "2.29.1",
      "resolved": "https://registry.npm.taobao.org/moment/download/moment-2.29.1.tgz",
      "integrity": "sha1-sr52n6MZQL6e7qZGnAdeNQBvo9M="
    },
    "redis": {
      "version": "3.0.2",
      "resolved": "https://registry.npm.taobao.org/redis/download/redis-3.0.2.tgz",
      "integrity": "sha1-vUcGe4pKPmouVW5X9xzILHNgFQo=",
      "requires": {
        "denque": "^1.4.1",
        "redis-commands": "^1.5.0",
        "redis-errors": "^1.2.0",
        "redis-parser": "^3.0.0"
      }
    },
    "redis-commands": {
      "version": "1.6.0",
      "resolved": "https://registry.npm.taobao.org/redis-commands/download/redis-commands-1.6.0.tgz?cache=0&sync_timestamp=1595989546883&other_urls=https%3A%2F%2Fregistry.npm.taobao.org%2Fredis-commands%2Fdownload%2Fredis-commands-1.6.0.tgz",
      "integrity": "sha1-NtTKQq6e0pgVzbMK2fl5guuhziM="
    },
    "redis-errors": {
      "version": "1.2.0",
      "resolved": "https://registry.npm.taobao.org/redis-errors/download/redis-errors-1.2.0.tgz",
      "integrity": "sha1-62LSrbFeTq9GEMBK/hUpOEJQq60="
    },
    "redis-parser": {
      "version": "3.0.0",
      "resolved": "https://registry.npm.taobao.org/redis-parser/download/redis-parser-3.0.0.tgz",
      "integrity": "sha1-tm2CjNyv5rS4pCin3vTGvKwxyLQ=",
      "requires": {
        "redis-errors": "^1.0.0"
      }
    },
    "redlock": {
      "version": "4.2.0",
      "resolved": "https://registry.npm.taobao.org/redlock/download/redlock-4.2.0.tgz",
      "integrity": "sha1-wmWQdoVZr9X/92qhEzyUtBH/T18=",
      "requires": {
        "bluebird": "^3.7.2"
      }
    },
    "source-map": {
      "version": "0.6.1",
      "resolved": "https://registry.npm.taobao.org/source-map/download/source-map-0.6.1.tgz",
      "integrity": "sha1-dHIq8y6WFOnCh6jQu95IteLxomM="
    },
    "source-map-support": {
      "version": "0.5.19",
      "resolved": "https://registry.npm.taobao.org/source-map-support/download/source-map-support-0.5.19.tgz?cache=0&sync_timestamp=1591174993503&other_urls=https%3A%2F%2Fregistry.npm.taobao.org%2Fsource-map-support%2Fdownload%2Fsource-map-support-0.5.19.tgz",
      "integrity": "sha1-qYti+G3K9PZzmWSMCFKRq56P7WE=",
      "requires": {
        "buffer-from": "^1.0.0",
        "source-map": "^0.6.0"
      }
    },
    "ts-node": {
      "version": "9.0.0",
      "resolved": "https://registry.npm.taobao.org/ts-node/download/ts-node-9.0.0.tgz",
      "integrity": "sha1-52mdKhEMyMDTuDFxXkF2iGg0YLM=",
      "requires": {
        "arg": "^4.1.0",
        "diff": "^4.0.1",
        "make-error": "^1.1.1",
        "source-map-support": "^0.5.17",
        "yn": "3.1.1"
      }
    },
    "typescript": {
      "version": "4.0.3",
      "resolved": "https://registry.npm.taobao.org/typescript/download/typescript-4.0.3.tgz?cache=0&sync_timestamp=1603608626888&other_urls=https%3A%2F%2Fregistry.npm.taobao.org%2Ftypescript%2Fdownload%2Ftypescript-4.0.3.tgz",
      "integrity": "sha1-FTu9Ro7wdyXB35x36LRT+NNqu6U="
    },
    "yn": {
      "version": "3.1.1",
      "resolved": "https://registry.npm.taobao.org/yn/download/yn-3.1.1.tgz",
      "integrity": "sha1-HodAGgnXZ8HV6rJqbkwYUYLS61A="
    }
  }
}
